
Microsoft Visual Studio Solution File, Format Version 12.00
# Visual Studio Version 17
VisualStudioVersion = 17.3.32825.248
MinimumVisualStudioVersion = 10.0.40219.1
Project("{2150E333-8FDC-42A3-9474-1A3956D46DE8}") = "Solution Items", "Solution Items", "{2E349CD8-91AC-4393-8DF5-C5DFD8955BDF}"
	ProjectSection(SolutionItems) = preProject
		.editorconfig = .editorconfig
		.gitignore = .gitignore
		LICENSE = LICENSE
		README.md = README.md
	EndProjectSection
EndProject
Project("{2150E333-8FDC-42A3-9474-1A3956D46DE8}") = ".github", ".github", "{31A383D9-9140-4E7F-B40A-C3678FF85A24}"
EndProject
Project("{2150E333-8FDC-42A3-9474-1A3956D46DE8}") = "workflows", "workflows", "{21FACDB2-4A66-4C08-9BE5-3BB16E1F56B3}"
	ProjectSection(SolutionItems) = preProject
		.github\workflows\dotnetcore.yml = .github\workflows\dotnetcore.yml
	EndProjectSection
EndProject
Project("{FAE04EC0-301F-11D3-BF4B-00C04F79EFBC}") = "GuardRail.Core.Models", "GuardRail.Core.Models\GuardRail.Core.Models.csproj", "{14409165-F645-414E-B0F7-F7DFB345DAD7}"
EndProject
Project("{FAE04EC0-301F-11D3-BF4B-00C04F79EFBC}") = "GuardRail.Api.Models", "GuardRail.Api.Models\GuardRail.Api.Models.csproj", "{1F90D4F2-2D0B-466B-8639-16E00C2AAE89}"
EndProject
Project("{FAE04EC0-301F-11D3-BF4B-00C04F79EFBC}") = "GuardRail.Api.Main", "GuardRail.Api.Main\GuardRail.Api.Main.csproj", "{07F9BFA7-047F-4BD0-B32E-AACF8A6917C5}"
EndProject
Project("{FAE04EC0-301F-11D3-BF4B-00C04F79EFBC}") = "GuardRail.Logic", "GuardRail.Logic\GuardRail.Logic.csproj", "{792DF6EE-4158-41B6-BC34-9F230F78F442}"
EndProject
Project("{FAE04EC0-301F-11D3-BF4B-00C04F79EFBC}") = "GuardRail.Core", "GuardRail.Core\GuardRail.Core.csproj", "{E2FE0B24-FB03-497C-9F95-08F5B5E1DF31}"
EndProject
Project("{FAE04EC0-301F-11D3-BF4B-00C04F79EFBC}") = "GuardRail.Database.Main", "GuardRail.Database.Main\GuardRail.Database.Main.csproj", "{0521A9CA-90B4-4CA5-8135-A155E9D574AE}"
EndProject
Project("{FAE04EC0-301F-11D3-BF4B-00C04F79EFBC}") = "GuardRail.Local.Service", "GuardRail.Local.Service\GuardRail.Local.Service.csproj", "{988C7CBB-490A-4BB4-B6F6-5D2B59297A47}"
EndProject
Project("{54A90642-561A-4BB1-A94E-469ADEE60C69}") = "GuardRail.UI.Main", "GuardRail.UI.Main\GuardRail.UI.Main.esproj", "{FFCE10D3-DCDE-4A7C-8147-B63FA98282FC}"
EndProject
Project("{FAE04EC0-301F-11D3-BF4B-00C04F79EFBC}") = "GuardRail.Local.Updater", "GuardRail.Local.Updater\GuardRail.Local.Updater.csproj", "{AEDE0DA4-659F-4FFF-B066-F255846DF565}"
EndProject
Project("{54A90642-561A-4BB1-A94E-469ADEE60C69}") = "GuardRail.UI.Public", "GuardRail.UI.Public\GuardRail.UI.Public.esproj", "{DDB439AD-C43F-419C-955D-DD6C186EC1FE}"
EndProject
Project("{2150E333-8FDC-42A3-9474-1A3956D46DE8}") = "SupportedHardware", "SupportedHardware", "{D006245F-D8DA-4C57-AD10-B784AC3F304F}"
EndProject
Project("{FAE04EC0-301F-11D3-BF4B-00C04F79EFBC}") = "GuardRail.Api", "GuardRail.Api\GuardRail.Api.csproj", "{0AC3E790-3C65-4D58-8AA7-A49CE78A6F2C}"
EndProject
Project("{FAE04EC0-301F-11D3-BF4B-00C04F79EFBC}") = "GuardRail.Hardware.GuardRailCustom", "SupportedHardware\GuardRailCustom\GuardRail.Hardware.GuardRailCustom\GuardRail.Hardware.GuardRailCustom.csproj", "{95B79BEE-8FD1-41B3-B967-4BAA53440229}"
EndProject
Project("{FAE04EC0-301F-11D3-BF4B-00C04F79EFBC}") = "GuardRail.Hardware.GuardRailCustom.Device", "SupportedHardware\GuardRailCustom\GuardRail.Hardware.GuardRailCustom.Device\GuardRail.Hardware.GuardRailCustom.Device.csproj", "{1598524B-FA54-4C72-9B28-4FD396CEEEA6}"
EndProject
Project("{2150E333-8FDC-42A3-9474-1A3956D46DE8}") = "GuardRailCustom", "GuardRailCustom", "{CA330C83-C84B-455C-8B31-FBA210FB1883}"
EndProject
Project("{FAE04EC0-301F-11D3-BF4B-00C04F79EFBC}") = "GuardRail.Hardware.Common", "SupportedHardware\GuardRail.Hardware.Common\GuardRail.Hardware.Common.csproj", "{F6D52DB9-3A0E-4B39-8D4E-6923460B095E}"
EndProject
Project("{FAE04EC0-301F-11D3-BF4B-00C04F79EFBC}") = "GuardRail.Hardware.GuardRailCustom.Core", "SupportedHardware\GuardRailCustom\GuardRail.Hardware.GuardRailCustom.Core\GuardRail.Hardware.GuardRailCustom.Core.csproj", "{A9F8AADC-D9C9-4AB2-A7B3-C457168AEA38}"
EndProject
Global
	GlobalSection(SolutionConfigurationPlatforms) = preSolution
		Debug|Any CPU = Debug|Any CPU
		Release|Any CPU = Release|Any CPU
	EndGlobalSection
	GlobalSection(ProjectConfigurationPlatforms) = postSolution
		{14409165-F645-414E-B0F7-F7DFB345DAD7}.Debug|Any CPU.ActiveCfg = Debug|Any CPU
		{14409165-F645-414E-B0F7-F7DFB345DAD7}.Debug|Any CPU.Build.0 = Debug|Any CPU
		{14409165-F645-414E-B0F7-F7DFB345DAD7}.Release|Any CPU.ActiveCfg = Release|Any CPU
		{14409165-F645-414E-B0F7-F7DFB345DAD7}.Release|Any CPU.Build.0 = Release|Any CPU
		{1F90D4F2-2D0B-466B-8639-16E00C2AAE89}.Debug|Any CPU.ActiveCfg = Debug|Any CPU
		{1F90D4F2-2D0B-466B-8639-16E00C2AAE89}.Debug|Any CPU.Build.0 = Debug|Any CPU
		{1F90D4F2-2D0B-466B-8639-16E00C2AAE89}.Release|Any CPU.ActiveCfg = Release|Any CPU
		{1F90D4F2-2D0B-466B-8639-16E00C2AAE89}.Release|Any CPU.Build.0 = Release|Any CPU
		{07F9BFA7-047F-4BD0-B32E-AACF8A6917C5}.Debug|Any CPU.ActiveCfg = Debug|Any CPU
		{07F9BFA7-047F-4BD0-B32E-AACF8A6917C5}.Debug|Any CPU.Build.0 = Debug|Any CPU
		{07F9BFA7-047F-4BD0-B32E-AACF8A6917C5}.Release|Any CPU.ActiveCfg = Release|Any CPU
		{07F9BFA7-047F-4BD0-B32E-AACF8A6917C5}.Release|Any CPU.Build.0 = Release|Any CPU
		{792DF6EE-4158-41B6-BC34-9F230F78F442}.Debug|Any CPU.ActiveCfg = Debug|Any CPU
		{792DF6EE-4158-41B6-BC34-9F230F78F442}.Debug|Any CPU.Build.0 = Debug|Any CPU
		{792DF6EE-4158-41B6-BC34-9F230F78F442}.Release|Any CPU.ActiveCfg = Release|Any CPU
		{792DF6EE-4158-41B6-BC34-9F230F78F442}.Release|Any CPU.Build.0 = Release|Any CPU
		{E2FE0B24-FB03-497C-9F95-08F5B5E1DF31}.Debug|Any CPU.ActiveCfg = Debug|Any CPU
		{E2FE0B24-FB03-497C-9F95-08F5B5E1DF31}.Debug|Any CPU.Build.0 = Debug|Any CPU
		{E2FE0B24-FB03-497C-9F95-08F5B5E1DF31}.Release|Any CPU.ActiveCfg = Release|Any CPU
		{E2FE0B24-FB03-497C-9F95-08F5B5E1DF31}.Release|Any CPU.Build.0 = Release|Any CPU
		{0521A9CA-90B4-4CA5-8135-A155E9D574AE}.Debug|Any CPU.ActiveCfg = Debug|Any CPU
		{0521A9CA-90B4-4CA5-8135-A155E9D574AE}.Debug|Any CPU.Build.0 = Debug|Any CPU
		{0521A9CA-90B4-4CA5-8135-A155E9D574AE}.Release|Any CPU.ActiveCfg = Release|Any CPU
		{0521A9CA-90B4-4CA5-8135-A155E9D574AE}.Release|Any CPU.Build.0 = Release|Any CPU
		{988C7CBB-490A-4BB4-B6F6-5D2B59297A47}.Debug|Any CPU.ActiveCfg = Debug|Any CPU
		{988C7CBB-490A-4BB4-B6F6-5D2B59297A47}.Debug|Any CPU.Build.0 = Debug|Any CPU
		{988C7CBB-490A-4BB4-B6F6-5D2B59297A47}.Release|Any CPU.ActiveCfg = Release|Any CPU
		{988C7CBB-490A-4BB4-B6F6-5D2B59297A47}.Release|Any CPU.Build.0 = Release|Any CPU
		{FFCE10D3-DCDE-4A7C-8147-B63FA98282FC}.Debug|Any CPU.ActiveCfg = Debug|Any CPU
		{FFCE10D3-DCDE-4A7C-8147-B63FA98282FC}.Debug|Any CPU.Build.0 = Debug|Any CPU
		{FFCE10D3-DCDE-4A7C-8147-B63FA98282FC}.Debug|Any CPU.Deploy.0 = Debug|Any CPU
		{FFCE10D3-DCDE-4A7C-8147-B63FA98282FC}.Release|Any CPU.ActiveCfg = Release|Any CPU
		{FFCE10D3-DCDE-4A7C-8147-B63FA98282FC}.Release|Any CPU.Build.0 = Release|Any CPU
		{FFCE10D3-DCDE-4A7C-8147-B63FA98282FC}.Release|Any CPU.Deploy.0 = Release|Any CPU
		{AEDE0DA4-659F-4FFF-B066-F255846DF565}.Debug|Any CPU.ActiveCfg = Debug|Any CPU
		{AEDE0DA4-659F-4FFF-B066-F255846DF565}.Debug|Any CPU.Build.0 = Debug|Any CPU
		{AEDE0DA4-659F-4FFF-B066-F255846DF565}.Release|Any CPU.ActiveCfg = Release|Any CPU
		{AEDE0DA4-659F-4FFF-B066-F255846DF565}.Release|Any CPU.Build.0 = Release|Any CPU
		{DDB439AD-C43F-419C-955D-DD6C186EC1FE}.Debug|Any CPU.ActiveCfg = Debug|Any CPU
		{DDB439AD-C43F-419C-955D-DD6C186EC1FE}.Debug|Any CPU.Build.0 = Debug|Any CPU
		{DDB439AD-C43F-419C-955D-DD6C186EC1FE}.Debug|Any CPU.Deploy.0 = Debug|Any CPU
		{DDB439AD-C43F-419C-955D-DD6C186EC1FE}.Release|Any CPU.ActiveCfg = Release|Any CPU
		{DDB439AD-C43F-419C-955D-DD6C186EC1FE}.Release|Any CPU.Build.0 = Release|Any CPU
		{DDB439AD-C43F-419C-955D-DD6C186EC1FE}.Release|Any CPU.Deploy.0 = Release|Any CPU
		{0AC3E790-3C65-4D58-8AA7-A49CE78A6F2C}.Debug|Any CPU.ActiveCfg = Debug|Any CPU
		{0AC3E790-3C65-4D58-8AA7-A49CE78A6F2C}.Debug|Any CPU.Build.0 = Debug|Any CPU
		{0AC3E790-3C65-4D58-8AA7-A49CE78A6F2C}.Release|Any CPU.ActiveCfg = Release|Any CPU
		{0AC3E790-3C65-4D58-8AA7-A49CE78A6F2C}.Release|Any CPU.Build.0 = Release|Any CPU
		{95B79BEE-8FD1-41B3-B967-4BAA53440229}.Debug|Any CPU.ActiveCfg = Debug|Any CPU
		{95B79BEE-8FD1-41B3-B967-4BAA53440229}.Debug|Any CPU.Build.0 = Debug|Any CPU
		{95B79BEE-8FD1-41B3-B967-4BAA53440229}.Release|Any CPU.ActiveCfg = Release|Any CPU
		{95B79BEE-8FD1-41B3-B967-4BAA53440229}.Release|Any CPU.Build.0 = Release|Any CPU
		{1598524B-FA54-4C72-9B28-4FD396CEEEA6}.Debug|Any CPU.ActiveCfg = Debug|Any CPU
		{1598524B-FA54-4C72-9B28-4FD396CEEEA6}.Debug|Any CPU.Build.0 = Debug|Any CPU
		{1598524B-FA54-4C72-9B28-4FD396CEEEA6}.Release|Any CPU.ActiveCfg = Release|Any CPU
		{1598524B-FA54-4C72-9B28-4FD396CEEEA6}.Release|Any CPU.Build.0 = Release|Any CPU
		{F6D52DB9-3A0E-4B39-8D4E-6923460B095E}.Debug|Any CPU.ActiveCfg = Debug|Any CPU
		{F6D52DB9-3A0E-4B39-8D4E-6923460B095E}.Debug|Any CPU.Build.0 = Debug|Any CPU
		{F6D52DB9-3A0E-4B39-8D4E-6923460B095E}.Release|Any CPU.ActiveCfg = Release|Any CPU
		{F6D52DB9-3A0E-4B39-8D4E-6923460B095E}.Release|Any CPU.Build.0 = Release|Any CPU
		{A9F8AADC-D9C9-4AB2-A7B3-C457168AEA38}.Debug|Any CPU.ActiveCfg = Debug|Any CPU
		{A9F8AADC-D9C9-4AB2-A7B3-C457168AEA38}.Debug|Any CPU.Build.0 = Debug|Any CPU
		{A9F8AADC-D9C9-4AB2-A7B3-C457168AEA38}.Release|Any CPU.ActiveCfg = Release|Any CPU
		{A9F8AADC-D9C9-4AB2-A7B3-C457168AEA38}.Release|Any CPU.Build.0 = Release|Any CPU
	EndGlobalSection
	GlobalSection(SolutionProperties) = preSolution
		HideSolutionNode = FALSE
	EndGlobalSection
	GlobalSection(NestedProjects) = preSolution
		{31A383D9-9140-4E7F-B40A-C3678FF85A24} = {2E349CD8-91AC-4393-8DF5-C5DFD8955BDF}
		{21FACDB2-4A66-4C08-9BE5-3BB16E1F56B3} = {31A383D9-9140-4E7F-B40A-C3678FF85A24}
		{95B79BEE-8FD1-41B3-B967-4BAA53440229} = {CA330C83-C84B-455C-8B31-FBA210FB1883}
		{1598524B-FA54-4C72-9B28-4FD396CEEEA6} = {CA330C83-C84B-455C-8B31-FBA210FB1883}
		{CA330C83-C84B-455C-8B31-FBA210FB1883} = {D006245F-D8DA-4C57-AD10-B784AC3F304F}
		{F6D52DB9-3A0E-4B39-8D4E-6923460B095E} = {D006245F-D8DA-4C57-AD10-B784AC3F304F}
		{A9F8AADC-D9C9-4AB2-A7B3-C457168AEA38} = {CA330C83-C84B-455C-8B31-FBA210FB1883}
	EndGlobalSection
	GlobalSection(ExtensibilityGlobals) = postSolution
		SolutionGuid = {53D85FEE-AA1A-4A9E-9448-93FF31EAD61A}
	EndGlobalSection
EndGlobal
