
Microsoft Visual Studio Solution File, Format Version 12.00
# Visual Studio Version 16
VisualStudioVersion = 16.0.29721.120
MinimumVisualStudioVersion = 10.0.40219.1
Project("{9A19103F-16F7-4668-BE54-9A1E7A4F7556}") = "GuardRail.Core", "GuardRail.Core\GuardRail.Core.csproj", "{B5FB3D7D-C398-43F7-B8FE-B0F3876789BE}"
EndProject
Project("{2150E333-8FDC-42A3-9474-1A3956D46DE8}") = "Solution Items", "Solution Items", "{2E349CD8-91AC-4393-8DF5-C5DFD8955BDF}"
	ProjectSection(SolutionItems) = preProject
		.editorconfig = .editorconfig
	EndProjectSection
EndProject
Project("{9A19103F-16F7-4668-BE54-9A1E7A4F7556}") = "GuardRail.Tests", "GuardRail.Tests\GuardRail.Tests.csproj", "{9EEAFE58-F375-4CBD-A9F5-1B06EEAD20D5}"
EndProject
Project("{FAE04EC0-301F-11D3-BF4B-00C04F79EFBC}") = "GuardRail.Api", "GuardRail.Api\GuardRail.Api.csproj", "{E996AE63-1DF1-4B02-A096-11F2083FE82A}"
EndProject
Global
	GlobalSection(SolutionConfigurationPlatforms) = preSolution
		Debug|Any CPU = Debug|Any CPU
		Release|Any CPU = Release|Any CPU
	EndGlobalSection
	GlobalSection(ProjectConfigurationPlatforms) = postSolution
		{B5FB3D7D-C398-43F7-B8FE-B0F3876789BE}.Debug|Any CPU.ActiveCfg = Debug|Any CPU
		{B5FB3D7D-C398-43F7-B8FE-B0F3876789BE}.Debug|Any CPU.Build.0 = Debug|Any CPU
		{B5FB3D7D-C398-43F7-B8FE-B0F3876789BE}.Release|Any CPU.ActiveCfg = Release|Any CPU
		{B5FB3D7D-C398-43F7-B8FE-B0F3876789BE}.Release|Any CPU.Build.0 = Release|Any CPU
		{9EEAFE58-F375-4CBD-A9F5-1B06EEAD20D5}.Debug|Any CPU.ActiveCfg = Debug|Any CPU
		{9EEAFE58-F375-4CBD-A9F5-1B06EEAD20D5}.Debug|Any CPU.Build.0 = Debug|Any CPU
		{9EEAFE58-F375-4CBD-A9F5-1B06EEAD20D5}.Release|Any CPU.ActiveCfg = Release|Any CPU
		{9EEAFE58-F375-4CBD-A9F5-1B06EEAD20D5}.Release|Any CPU.Build.0 = Release|Any CPU
		{E996AE63-1DF1-4B02-A096-11F2083FE82A}.Debug|Any CPU.ActiveCfg = Debug|Any CPU
		{E996AE63-1DF1-4B02-A096-11F2083FE82A}.Debug|Any CPU.Build.0 = Debug|Any CPU
		{E996AE63-1DF1-4B02-A096-11F2083FE82A}.Release|Any CPU.ActiveCfg = Release|Any CPU
		{E996AE63-1DF1-4B02-A096-11F2083FE82A}.Release|Any CPU.Build.0 = Release|Any CPU
	EndGlobalSection
	GlobalSection(SolutionProperties) = preSolution
		HideSolutionNode = FALSE
	EndGlobalSection
	GlobalSection(ExtensibilityGlobals) = postSolution
		SolutionGuid = {53D85FEE-AA1A-4A9E-9448-93FF31EAD61A}
	EndGlobalSection
EndGlobal
