
Microsoft Visual Studio Solution File, Format Version 12.00
# Visual Studio Version 16
VisualStudioVersion = 16.0.29721.120
MinimumVisualStudioVersion = 10.0.40219.1
Project("{9A19103F-16F7-4668-BE54-9A1E7A4F7556}") = "GuardRail.Core", "GuardRail.Core\GuardRail.Core.csproj", "{B5FB3D7D-C398-43F7-B8FE-B0F3876789BE}"
EndProject
Project("{2150E333-8FDC-42A3-9474-1A3956D46DE8}") = "Solution Items", "Solution Items", "{2E349CD8-91AC-4393-8DF5-C5DFD8955BDF}"
	ProjectSection(SolutionItems) = preProject
		.editorconfig = .editorconfig
	EndProjectSection
EndProject
Project("{9A19103F-16F7-4668-BE54-9A1E7A4F7556}") = "GuardRail.Tests", "GuardRail.Tests\GuardRail.Tests.csproj", "{9EEAFE58-F375-4CBD-A9F5-1B06EEAD20D5}"
EndProject
Project("{9A19103F-16F7-4668-BE54-9A1E7A4F7556}") = "GuardRail.Api", "GuardRail.Api\GuardRail.Api.csproj", "{E996AE63-1DF1-4B02-A096-11F2083FE82A}"
EndProject
Project("{9A19103F-16F7-4668-BE54-9A1E7A4F7556}") = "GuardRail.LocalUpdater", "GuardRail.LocalUpdater\GuardRail.LocalUpdater.csproj", "{EA8D0DEB-EDED-4630-B76E-7538E11007E7}"
EndProject
Project("{9A19103F-16F7-4668-BE54-9A1E7A4F7556}") = "GuardRail.LocalClient", "GuardRail.LocalClient\GuardRail.LocalClient.csproj", "{A5A48F1C-8132-4567-8C10-204DD55733E3}"
EndProject
Project("{9A19103F-16F7-4668-BE54-9A1E7A4F7556}") = "GuardRail.EventBus", "GuardRail.EventBus\GuardRail.EventBus.csproj", "{7272B35F-49FF-4602-9AB4-0104A966CFA8}"
EndProject
Project("{9A19103F-16F7-4668-BE54-9A1E7A4F7556}") = "GuardRail.Hq.Api", "GuardRail.Hq.Api\GuardRail.Hq.Api.csproj", "{FC32C4F6-0A68-4AC2-B4F2-F976AECB120C}"
EndProject
Project("{8BC9CEB8-8B4A-11D0-8D11-00A0C91BC942}") = "GuardRail.DoorClient", "GuardRail.DoorClient\GuardRail.DoorClient.vcxproj", "{209C759C-532C-44D0-97CC-216138EDABCF}"
EndProject
Global
	GlobalSection(SolutionConfigurationPlatforms) = preSolution
		Debug|Any CPU = Debug|Any CPU
		Debug|ARM = Debug|ARM
		Debug|ARM64 = Debug|ARM64
		Debug|x64 = Debug|x64
		Debug|x86 = Debug|x86
		Release|Any CPU = Release|Any CPU
		Release|ARM = Release|ARM
		Release|ARM64 = Release|ARM64
		Release|x64 = Release|x64
		Release|x86 = Release|x86
	EndGlobalSection
	GlobalSection(ProjectConfigurationPlatforms) = postSolution
		{B5FB3D7D-C398-43F7-B8FE-B0F3876789BE}.Debug|Any CPU.ActiveCfg = Debug|Any CPU
		{B5FB3D7D-C398-43F7-B8FE-B0F3876789BE}.Debug|Any CPU.Build.0 = Debug|Any CPU
		{B5FB3D7D-C398-43F7-B8FE-B0F3876789BE}.Debug|ARM.ActiveCfg = Debug|Any CPU
		{B5FB3D7D-C398-43F7-B8FE-B0F3876789BE}.Debug|ARM.Build.0 = Debug|Any CPU
		{B5FB3D7D-C398-43F7-B8FE-B0F3876789BE}.Debug|ARM64.ActiveCfg = Debug|Any CPU
		{B5FB3D7D-C398-43F7-B8FE-B0F3876789BE}.Debug|ARM64.Build.0 = Debug|Any CPU
		{B5FB3D7D-C398-43F7-B8FE-B0F3876789BE}.Debug|x64.ActiveCfg = Debug|Any CPU
		{B5FB3D7D-C398-43F7-B8FE-B0F3876789BE}.Debug|x64.Build.0 = Debug|Any CPU
		{B5FB3D7D-C398-43F7-B8FE-B0F3876789BE}.Debug|x86.ActiveCfg = Debug|Any CPU
		{B5FB3D7D-C398-43F7-B8FE-B0F3876789BE}.Debug|x86.Build.0 = Debug|Any CPU
		{B5FB3D7D-C398-43F7-B8FE-B0F3876789BE}.Release|Any CPU.ActiveCfg = Release|Any CPU
		{B5FB3D7D-C398-43F7-B8FE-B0F3876789BE}.Release|Any CPU.Build.0 = Release|Any CPU
		{B5FB3D7D-C398-43F7-B8FE-B0F3876789BE}.Release|ARM.ActiveCfg = Release|Any CPU
		{B5FB3D7D-C398-43F7-B8FE-B0F3876789BE}.Release|ARM.Build.0 = Release|Any CPU
		{B5FB3D7D-C398-43F7-B8FE-B0F3876789BE}.Release|ARM64.ActiveCfg = Release|Any CPU
		{B5FB3D7D-C398-43F7-B8FE-B0F3876789BE}.Release|ARM64.Build.0 = Release|Any CPU
		{B5FB3D7D-C398-43F7-B8FE-B0F3876789BE}.Release|x64.ActiveCfg = Release|Any CPU
		{B5FB3D7D-C398-43F7-B8FE-B0F3876789BE}.Release|x64.Build.0 = Release|Any CPU
		{B5FB3D7D-C398-43F7-B8FE-B0F3876789BE}.Release|x86.ActiveCfg = Release|Any CPU
		{B5FB3D7D-C398-43F7-B8FE-B0F3876789BE}.Release|x86.Build.0 = Release|Any CPU
		{9EEAFE58-F375-4CBD-A9F5-1B06EEAD20D5}.Debug|Any CPU.ActiveCfg = Debug|Any CPU
		{9EEAFE58-F375-4CBD-A9F5-1B06EEAD20D5}.Debug|Any CPU.Build.0 = Debug|Any CPU
		{9EEAFE58-F375-4CBD-A9F5-1B06EEAD20D5}.Debug|ARM.ActiveCfg = Debug|Any CPU
		{9EEAFE58-F375-4CBD-A9F5-1B06EEAD20D5}.Debug|ARM.Build.0 = Debug|Any CPU
		{9EEAFE58-F375-4CBD-A9F5-1B06EEAD20D5}.Debug|ARM64.ActiveCfg = Debug|Any CPU
		{9EEAFE58-F375-4CBD-A9F5-1B06EEAD20D5}.Debug|ARM64.Build.0 = Debug|Any CPU
		{9EEAFE58-F375-4CBD-A9F5-1B06EEAD20D5}.Debug|x64.ActiveCfg = Debug|Any CPU
		{9EEAFE58-F375-4CBD-A9F5-1B06EEAD20D5}.Debug|x64.Build.0 = Debug|Any CPU
		{9EEAFE58-F375-4CBD-A9F5-1B06EEAD20D5}.Debug|x86.ActiveCfg = Debug|Any CPU
		{9EEAFE58-F375-4CBD-A9F5-1B06EEAD20D5}.Debug|x86.Build.0 = Debug|Any CPU
		{9EEAFE58-F375-4CBD-A9F5-1B06EEAD20D5}.Release|Any CPU.ActiveCfg = Release|Any CPU
		{9EEAFE58-F375-4CBD-A9F5-1B06EEAD20D5}.Release|Any CPU.Build.0 = Release|Any CPU
		{9EEAFE58-F375-4CBD-A9F5-1B06EEAD20D5}.Release|ARM.ActiveCfg = Release|Any CPU
		{9EEAFE58-F375-4CBD-A9F5-1B06EEAD20D5}.Release|ARM.Build.0 = Release|Any CPU
		{9EEAFE58-F375-4CBD-A9F5-1B06EEAD20D5}.Release|ARM64.ActiveCfg = Release|Any CPU
		{9EEAFE58-F375-4CBD-A9F5-1B06EEAD20D5}.Release|ARM64.Build.0 = Release|Any CPU
		{9EEAFE58-F375-4CBD-A9F5-1B06EEAD20D5}.Release|x64.ActiveCfg = Release|Any CPU
		{9EEAFE58-F375-4CBD-A9F5-1B06EEAD20D5}.Release|x64.Build.0 = Release|Any CPU
		{9EEAFE58-F375-4CBD-A9F5-1B06EEAD20D5}.Release|x86.ActiveCfg = Release|Any CPU
		{9EEAFE58-F375-4CBD-A9F5-1B06EEAD20D5}.Release|x86.Build.0 = Release|Any CPU
		{E996AE63-1DF1-4B02-A096-11F2083FE82A}.Debug|Any CPU.ActiveCfg = Debug|Any CPU
		{E996AE63-1DF1-4B02-A096-11F2083FE82A}.Debug|Any CPU.Build.0 = Debug|Any CPU
		{E996AE63-1DF1-4B02-A096-11F2083FE82A}.Debug|ARM.ActiveCfg = Debug|Any CPU
		{E996AE63-1DF1-4B02-A096-11F2083FE82A}.Debug|ARM.Build.0 = Debug|Any CPU
		{E996AE63-1DF1-4B02-A096-11F2083FE82A}.Debug|ARM64.ActiveCfg = Debug|Any CPU
		{E996AE63-1DF1-4B02-A096-11F2083FE82A}.Debug|ARM64.Build.0 = Debug|Any CPU
		{E996AE63-1DF1-4B02-A096-11F2083FE82A}.Debug|x64.ActiveCfg = Debug|Any CPU
		{E996AE63-1DF1-4B02-A096-11F2083FE82A}.Debug|x64.Build.0 = Debug|Any CPU
		{E996AE63-1DF1-4B02-A096-11F2083FE82A}.Debug|x86.ActiveCfg = Debug|Any CPU
		{E996AE63-1DF1-4B02-A096-11F2083FE82A}.Debug|x86.Build.0 = Debug|Any CPU
		{E996AE63-1DF1-4B02-A096-11F2083FE82A}.Release|Any CPU.ActiveCfg = Release|Any CPU
		{E996AE63-1DF1-4B02-A096-11F2083FE82A}.Release|Any CPU.Build.0 = Release|Any CPU
		{E996AE63-1DF1-4B02-A096-11F2083FE82A}.Release|ARM.ActiveCfg = Release|Any CPU
		{E996AE63-1DF1-4B02-A096-11F2083FE82A}.Release|ARM.Build.0 = Release|Any CPU
		{E996AE63-1DF1-4B02-A096-11F2083FE82A}.Release|ARM64.ActiveCfg = Release|Any CPU
		{E996AE63-1DF1-4B02-A096-11F2083FE82A}.Release|ARM64.Build.0 = Release|Any CPU
		{E996AE63-1DF1-4B02-A096-11F2083FE82A}.Release|x64.ActiveCfg = Release|Any CPU
		{E996AE63-1DF1-4B02-A096-11F2083FE82A}.Release|x64.Build.0 = Release|Any CPU
		{E996AE63-1DF1-4B02-A096-11F2083FE82A}.Release|x86.ActiveCfg = Release|Any CPU
		{E996AE63-1DF1-4B02-A096-11F2083FE82A}.Release|x86.Build.0 = Release|Any CPU
		{EA8D0DEB-EDED-4630-B76E-7538E11007E7}.Debug|Any CPU.ActiveCfg = Debug|Any CPU
		{EA8D0DEB-EDED-4630-B76E-7538E11007E7}.Debug|Any CPU.Build.0 = Debug|Any CPU
		{EA8D0DEB-EDED-4630-B76E-7538E11007E7}.Debug|ARM.ActiveCfg = Debug|Any CPU
		{EA8D0DEB-EDED-4630-B76E-7538E11007E7}.Debug|ARM.Build.0 = Debug|Any CPU
		{EA8D0DEB-EDED-4630-B76E-7538E11007E7}.Debug|ARM64.ActiveCfg = Debug|Any CPU
		{EA8D0DEB-EDED-4630-B76E-7538E11007E7}.Debug|ARM64.Build.0 = Debug|Any CPU
		{EA8D0DEB-EDED-4630-B76E-7538E11007E7}.Debug|x64.ActiveCfg = Debug|Any CPU
		{EA8D0DEB-EDED-4630-B76E-7538E11007E7}.Debug|x64.Build.0 = Debug|Any CPU
		{EA8D0DEB-EDED-4630-B76E-7538E11007E7}.Debug|x86.ActiveCfg = Debug|Any CPU
		{EA8D0DEB-EDED-4630-B76E-7538E11007E7}.Debug|x86.Build.0 = Debug|Any CPU
		{EA8D0DEB-EDED-4630-B76E-7538E11007E7}.Release|Any CPU.ActiveCfg = Release|Any CPU
		{EA8D0DEB-EDED-4630-B76E-7538E11007E7}.Release|Any CPU.Build.0 = Release|Any CPU
		{EA8D0DEB-EDED-4630-B76E-7538E11007E7}.Release|ARM.ActiveCfg = Release|Any CPU
		{EA8D0DEB-EDED-4630-B76E-7538E11007E7}.Release|ARM.Build.0 = Release|Any CPU
		{EA8D0DEB-EDED-4630-B76E-7538E11007E7}.Release|ARM64.ActiveCfg = Release|Any CPU
		{EA8D0DEB-EDED-4630-B76E-7538E11007E7}.Release|ARM64.Build.0 = Release|Any CPU
		{EA8D0DEB-EDED-4630-B76E-7538E11007E7}.Release|x64.ActiveCfg = Release|Any CPU
		{EA8D0DEB-EDED-4630-B76E-7538E11007E7}.Release|x64.Build.0 = Release|Any CPU
		{EA8D0DEB-EDED-4630-B76E-7538E11007E7}.Release|x86.ActiveCfg = Release|Any CPU
		{EA8D0DEB-EDED-4630-B76E-7538E11007E7}.Release|x86.Build.0 = Release|Any CPU
		{A5A48F1C-8132-4567-8C10-204DD55733E3}.Debug|Any CPU.ActiveCfg = Debug|Any CPU
		{A5A48F1C-8132-4567-8C10-204DD55733E3}.Debug|Any CPU.Build.0 = Debug|Any CPU
		{A5A48F1C-8132-4567-8C10-204DD55733E3}.Debug|ARM.ActiveCfg = Debug|Any CPU
		{A5A48F1C-8132-4567-8C10-204DD55733E3}.Debug|ARM.Build.0 = Debug|Any CPU
		{A5A48F1C-8132-4567-8C10-204DD55733E3}.Debug|ARM64.ActiveCfg = Debug|Any CPU
		{A5A48F1C-8132-4567-8C10-204DD55733E3}.Debug|ARM64.Build.0 = Debug|Any CPU
		{A5A48F1C-8132-4567-8C10-204DD55733E3}.Debug|x64.ActiveCfg = Debug|Any CPU
		{A5A48F1C-8132-4567-8C10-204DD55733E3}.Debug|x64.Build.0 = Debug|Any CPU
		{A5A48F1C-8132-4567-8C10-204DD55733E3}.Debug|x86.ActiveCfg = Debug|Any CPU
		{A5A48F1C-8132-4567-8C10-204DD55733E3}.Debug|x86.Build.0 = Debug|Any CPU
		{A5A48F1C-8132-4567-8C10-204DD55733E3}.Release|Any CPU.ActiveCfg = Release|Any CPU
		{A5A48F1C-8132-4567-8C10-204DD55733E3}.Release|Any CPU.Build.0 = Release|Any CPU
		{A5A48F1C-8132-4567-8C10-204DD55733E3}.Release|ARM.ActiveCfg = Release|Any CPU
		{A5A48F1C-8132-4567-8C10-204DD55733E3}.Release|ARM.Build.0 = Release|Any CPU
		{A5A48F1C-8132-4567-8C10-204DD55733E3}.Release|ARM64.ActiveCfg = Release|Any CPU
		{A5A48F1C-8132-4567-8C10-204DD55733E3}.Release|ARM64.Build.0 = Release|Any CPU
		{A5A48F1C-8132-4567-8C10-204DD55733E3}.Release|x64.ActiveCfg = Release|Any CPU
		{A5A48F1C-8132-4567-8C10-204DD55733E3}.Release|x64.Build.0 = Release|Any CPU
		{A5A48F1C-8132-4567-8C10-204DD55733E3}.Release|x86.ActiveCfg = Release|Any CPU
		{A5A48F1C-8132-4567-8C10-204DD55733E3}.Release|x86.Build.0 = Release|Any CPU
		{7272B35F-49FF-4602-9AB4-0104A966CFA8}.Debug|Any CPU.ActiveCfg = Debug|Any CPU
		{7272B35F-49FF-4602-9AB4-0104A966CFA8}.Debug|Any CPU.Build.0 = Debug|Any CPU
		{7272B35F-49FF-4602-9AB4-0104A966CFA8}.Debug|ARM.ActiveCfg = Debug|Any CPU
		{7272B35F-49FF-4602-9AB4-0104A966CFA8}.Debug|ARM.Build.0 = Debug|Any CPU
		{7272B35F-49FF-4602-9AB4-0104A966CFA8}.Debug|ARM64.ActiveCfg = Debug|Any CPU
		{7272B35F-49FF-4602-9AB4-0104A966CFA8}.Debug|ARM64.Build.0 = Debug|Any CPU
		{7272B35F-49FF-4602-9AB4-0104A966CFA8}.Debug|x64.ActiveCfg = Debug|Any CPU
		{7272B35F-49FF-4602-9AB4-0104A966CFA8}.Debug|x64.Build.0 = Debug|Any CPU
		{7272B35F-49FF-4602-9AB4-0104A966CFA8}.Debug|x86.ActiveCfg = Debug|Any CPU
		{7272B35F-49FF-4602-9AB4-0104A966CFA8}.Debug|x86.Build.0 = Debug|Any CPU
		{7272B35F-49FF-4602-9AB4-0104A966CFA8}.Release|Any CPU.ActiveCfg = Release|Any CPU
		{7272B35F-49FF-4602-9AB4-0104A966CFA8}.Release|Any CPU.Build.0 = Release|Any CPU
		{7272B35F-49FF-4602-9AB4-0104A966CFA8}.Release|ARM.ActiveCfg = Release|Any CPU
		{7272B35F-49FF-4602-9AB4-0104A966CFA8}.Release|ARM.Build.0 = Release|Any CPU
		{7272B35F-49FF-4602-9AB4-0104A966CFA8}.Release|ARM64.ActiveCfg = Release|Any CPU
		{7272B35F-49FF-4602-9AB4-0104A966CFA8}.Release|ARM64.Build.0 = Release|Any CPU
		{7272B35F-49FF-4602-9AB4-0104A966CFA8}.Release|x64.ActiveCfg = Release|Any CPU
		{7272B35F-49FF-4602-9AB4-0104A966CFA8}.Release|x64.Build.0 = Release|Any CPU
		{7272B35F-49FF-4602-9AB4-0104A966CFA8}.Release|x86.ActiveCfg = Release|Any CPU
		{7272B35F-49FF-4602-9AB4-0104A966CFA8}.Release|x86.Build.0 = Release|Any CPU
		{FC32C4F6-0A68-4AC2-B4F2-F976AECB120C}.Debug|Any CPU.ActiveCfg = Debug|Any CPU
		{FC32C4F6-0A68-4AC2-B4F2-F976AECB120C}.Debug|Any CPU.Build.0 = Debug|Any CPU
		{FC32C4F6-0A68-4AC2-B4F2-F976AECB120C}.Debug|ARM.ActiveCfg = Debug|Any CPU
		{FC32C4F6-0A68-4AC2-B4F2-F976AECB120C}.Debug|ARM.Build.0 = Debug|Any CPU
		{FC32C4F6-0A68-4AC2-B4F2-F976AECB120C}.Debug|ARM64.ActiveCfg = Debug|Any CPU
		{FC32C4F6-0A68-4AC2-B4F2-F976AECB120C}.Debug|ARM64.Build.0 = Debug|Any CPU
		{FC32C4F6-0A68-4AC2-B4F2-F976AECB120C}.Debug|x64.ActiveCfg = Debug|Any CPU
		{FC32C4F6-0A68-4AC2-B4F2-F976AECB120C}.Debug|x64.Build.0 = Debug|Any CPU
		{FC32C4F6-0A68-4AC2-B4F2-F976AECB120C}.Debug|x86.ActiveCfg = Debug|Any CPU
		{FC32C4F6-0A68-4AC2-B4F2-F976AECB120C}.Debug|x86.Build.0 = Debug|Any CPU
		{FC32C4F6-0A68-4AC2-B4F2-F976AECB120C}.Release|Any CPU.ActiveCfg = Release|Any CPU
		{FC32C4F6-0A68-4AC2-B4F2-F976AECB120C}.Release|Any CPU.Build.0 = Release|Any CPU
		{FC32C4F6-0A68-4AC2-B4F2-F976AECB120C}.Release|ARM.ActiveCfg = Release|Any CPU
		{FC32C4F6-0A68-4AC2-B4F2-F976AECB120C}.Release|ARM.Build.0 = Release|Any CPU
		{FC32C4F6-0A68-4AC2-B4F2-F976AECB120C}.Release|ARM64.ActiveCfg = Release|Any CPU
		{FC32C4F6-0A68-4AC2-B4F2-F976AECB120C}.Release|ARM64.Build.0 = Release|Any CPU
		{FC32C4F6-0A68-4AC2-B4F2-F976AECB120C}.Release|x64.ActiveCfg = Release|Any CPU
		{FC32C4F6-0A68-4AC2-B4F2-F976AECB120C}.Release|x64.Build.0 = Release|Any CPU
		{FC32C4F6-0A68-4AC2-B4F2-F976AECB120C}.Release|x86.ActiveCfg = Release|Any CPU
		{FC32C4F6-0A68-4AC2-B4F2-F976AECB120C}.Release|x86.Build.0 = Release|Any CPU
		{209C759C-532C-44D0-97CC-216138EDABCF}.Debug|Any CPU.ActiveCfg = Debug|ARM
		{209C759C-532C-44D0-97CC-216138EDABCF}.Debug|Any CPU.Build.0 = Debug|ARM
		{209C759C-532C-44D0-97CC-216138EDABCF}.Debug|Any CPU.Deploy.0 = Debug|ARM
		{209C759C-532C-44D0-97CC-216138EDABCF}.Debug|ARM.ActiveCfg = Debug|ARM
		{209C759C-532C-44D0-97CC-216138EDABCF}.Debug|ARM.Build.0 = Debug|ARM
		{209C759C-532C-44D0-97CC-216138EDABCF}.Debug|ARM.Deploy.0 = Debug|ARM
		{209C759C-532C-44D0-97CC-216138EDABCF}.Debug|ARM64.ActiveCfg = Debug|ARM64
		{209C759C-532C-44D0-97CC-216138EDABCF}.Debug|ARM64.Build.0 = Debug|ARM64
		{209C759C-532C-44D0-97CC-216138EDABCF}.Debug|ARM64.Deploy.0 = Debug|ARM64
		{209C759C-532C-44D0-97CC-216138EDABCF}.Debug|x64.ActiveCfg = Debug|ARM
		{209C759C-532C-44D0-97CC-216138EDABCF}.Debug|x86.ActiveCfg = Debug|ARM
		{209C759C-532C-44D0-97CC-216138EDABCF}.Release|Any CPU.ActiveCfg = Release|ARM
		{209C759C-532C-44D0-97CC-216138EDABCF}.Release|ARM.ActiveCfg = Release|ARM
		{209C759C-532C-44D0-97CC-216138EDABCF}.Release|ARM.Build.0 = Release|ARM
		{209C759C-532C-44D0-97CC-216138EDABCF}.Release|ARM.Deploy.0 = Release|ARM
		{209C759C-532C-44D0-97CC-216138EDABCF}.Release|ARM64.ActiveCfg = Release|ARM64
		{209C759C-532C-44D0-97CC-216138EDABCF}.Release|ARM64.Build.0 = Release|ARM64
		{209C759C-532C-44D0-97CC-216138EDABCF}.Release|ARM64.Deploy.0 = Release|ARM64
		{209C759C-532C-44D0-97CC-216138EDABCF}.Release|x64.ActiveCfg = Release|ARM
		{209C759C-532C-44D0-97CC-216138EDABCF}.Release|x86.ActiveCfg = Release|ARM
	EndGlobalSection
	GlobalSection(SolutionProperties) = preSolution
		HideSolutionNode = FALSE
	EndGlobalSection
	GlobalSection(ExtensibilityGlobals) = postSolution
		SolutionGuid = {53D85FEE-AA1A-4A9E-9448-93FF31EAD61A}
	EndGlobalSection
EndGlobal
